// !$*UTF8*$!
{
	archiveVersion = 1;
	classes = {
	};
	objectVersion = 51;
	objects = {

/* Begin PBXBuildFile section */
		098EEFB3255AF63D008FA927 /* AppDelegate.swift in Sources */ = {isa = PBXBuildFile; fileRef = 098EEFB2255AF63D008FA927 /* AppDelegate.swift */; };
		098EEFB5255AF63D008FA927 /* SceneDelegate.swift in Sources */ = {isa = PBXBuildFile; fileRef = 098EEFB4255AF63D008FA927 /* SceneDelegate.swift */; };
		098EEFBC255AF63E008FA927 /* Assets.xcassets in Resources */ = {isa = PBXBuildFile; fileRef = 098EEFBB255AF63E008FA927 /* Assets.xcassets */; };
		098EEFBF255AF63E008FA927 /* LaunchScreen.storyboard in Resources */ = {isa = PBXBuildFile; fileRef = 098EEFBD255AF63E008FA927 /* LaunchScreen.storyboard */; };
		098EEFC7255AF791008FA927 /* TabBarController.swift in Sources */ = {isa = PBXBuildFile; fileRef = 098EEFC6255AF791008FA927 /* TabBarController.swift */; };
		098EEFC9255AF7FE008FA927 /* ExploreViewController.swift in Sources */ = {isa = PBXBuildFile; fileRef = 098EEFC8255AF7FE008FA927 /* ExploreViewController.swift */; };
		098EEFCB255AF839008FA927 /* HomeViewController.swift in Sources */ = {isa = PBXBuildFile; fileRef = 098EEFCA255AF839008FA927 /* HomeViewController.swift */; };
		098EEFCD255B003E008FA927 /* SocialViewController.swift in Sources */ = {isa = PBXBuildFile; fileRef = 098EEFCC255B003E008FA927 /* SocialViewController.swift */; };
		098EEFCF255B0059008FA927 /* InsightsViewController.swift in Sources */ = {isa = PBXBuildFile; fileRef = 098EEFCE255B0059008FA927 /* InsightsViewController.swift */; };
		098EEFD1255B0102008FA927 /* IndicesViewController.swift in Sources */ = {isa = PBXBuildFile; fileRef = 098EEFD0255B0102008FA927 /* IndicesViewController.swift */; };
		098EEFD3255B1364008FA927 /* CategoryTableViewController.swift in Sources */ = {isa = PBXBuildFile; fileRef = 098EEFD2255B1364008FA927 /* CategoryTableViewController.swift */; };
		098EEFD5255B1546008FA927 /* TrendingTableViewController.swift in Sources */ = {isa = PBXBuildFile; fileRef = 098EEFD4255B1546008FA927 /* TrendingTableViewController.swift */; };
		098EEFD7255B1862008FA927 /* ThemesCollectionViewController.swift in Sources */ = {isa = PBXBuildFile; fileRef = 098EEFD6255B1862008FA927 /* ThemesCollectionViewController.swift */; };
		098EEFD9255B1B6B008FA927 /* CategoryTableViewCell.swift in Sources */ = {isa = PBXBuildFile; fileRef = 098EEFD8255B1B6B008FA927 /* CategoryTableViewCell.swift */; };
		098EEFDB256294A0008FA927 /* TrendingTableViewCell.swift in Sources */ = {isa = PBXBuildFile; fileRef = 098EEFDA256294A0008FA927 /* TrendingTableViewCell.swift */; };
		098EEFE42562B753008FA927 /* AssetModel.swift in Sources */ = {isa = PBXBuildFile; fileRef = 098EEFE32562B753008FA927 /* AssetModel.swift */; };
		098EEFE82562C09E008FA927 /* Localizable.strings in Resources */ = {isa = PBXBuildFile; fileRef = 098EEFEA2562C09E008FA927 /* Localizable.strings */; };
		098EEFED2562C429008FA927 /* Localizable.swift in Sources */ = {isa = PBXBuildFile; fileRef = 098EEFEC2562C429008FA927 /* Localizable.swift */; };
		098EEFEF2562C476008FA927 /* Localization.swift in Sources */ = {isa = PBXBuildFile; fileRef = 098EEFEE2562C476008FA927 /* Localization.swift */; };
		098EEFF1256410BD008FA927 /* AlenaImage.swift in Sources */ = {isa = PBXBuildFile; fileRef = 098EEFF0256410BD008FA927 /* AlenaImage.swift */; };
		098EEFF325641131008FA927 /* AssetViewModel.swift in Sources */ = {isa = PBXBuildFile; fileRef = 098EEFF225641131008FA927 /* AssetViewModel.swift */; };
		098EEFF62564245B008FA927 /* CategoryModel.swift in Sources */ = {isa = PBXBuildFile; fileRef = 098EEFF52564245B008FA927 /* CategoryModel.swift */; };
		098EEFF9256424AA008FA927 /* CategoryViewModel.swift in Sources */ = {isa = PBXBuildFile; fileRef = 098EEFF8256424AA008FA927 /* CategoryViewModel.swift */; };
		09E6CD56256439EE00C1E288 /* ThemeModel.swift in Sources */ = {isa = PBXBuildFile; fileRef = 09E6CD55256439EE00C1E288 /* ThemeModel.swift */; };
		09E6CD5925643A4800C1E288 /* ThemeViewModel.swift in Sources */ = {isa = PBXBuildFile; fileRef = 09E6CD5825643A4800C1E288 /* ThemeViewModel.swift */; };
		09E6CD5B25643D1200C1E288 /* ThemeCollectionViewCell.swift in Sources */ = {isa = PBXBuildFile; fileRef = 09E6CD5A25643D1200C1E288 /* ThemeCollectionViewCell.swift */; };
		E4398CBEBE4B4C939E103492 /* Pods_Alinia.framework in Frameworks */ = {isa = PBXBuildFile; fileRef = 29E64A42FCB88560F98C07A3 /* Pods_Alinia.framework */; };
/* End PBXBuildFile section */

/* Begin PBXFileReference section */
		098EEFAF255AF63D008FA927 /* Alinia.app */ = {isa = PBXFileReference; explicitFileType = wrapper.application; includeInIndex = 0; path = Alinia.app; sourceTree = BUILT_PRODUCTS_DIR; };
		098EEFB2255AF63D008FA927 /* AppDelegate.swift */ = {isa = PBXFileReference; lastKnownFileType = sourcecode.swift; path = AppDelegate.swift; sourceTree = "<group>"; };
		098EEFB4255AF63D008FA927 /* SceneDelegate.swift */ = {isa = PBXFileReference; lastKnownFileType = sourcecode.swift; path = SceneDelegate.swift; sourceTree = "<group>"; };
		098EEFBB255AF63E008FA927 /* Assets.xcassets */ = {isa = PBXFileReference; lastKnownFileType = folder.assetcatalog; path = Assets.xcassets; sourceTree = "<group>"; };
		098EEFBE255AF63E008FA927 /* Base */ = {isa = PBXFileReference; lastKnownFileType = file.storyboard; name = Base; path = Base.lproj/LaunchScreen.storyboard; sourceTree = "<group>"; };
		098EEFC0255AF63E008FA927 /* Info.plist */ = {isa = PBXFileReference; lastKnownFileType = text.plist.xml; path = Info.plist; sourceTree = "<group>"; };
		098EEFC6255AF791008FA927 /* TabBarController.swift */ = {isa = PBXFileReference; lastKnownFileType = sourcecode.swift; path = TabBarController.swift; sourceTree = "<group>"; };
		098EEFC8255AF7FE008FA927 /* ExploreViewController.swift */ = {isa = PBXFileReference; lastKnownFileType = sourcecode.swift; path = ExploreViewController.swift; sourceTree = "<group>"; };
		098EEFCA255AF839008FA927 /* HomeViewController.swift */ = {isa = PBXFileReference; lastKnownFileType = sourcecode.swift; path = HomeViewController.swift; sourceTree = "<group>"; };
		098EEFCC255B003E008FA927 /* SocialViewController.swift */ = {isa = PBXFileReference; lastKnownFileType = sourcecode.swift; path = SocialViewController.swift; sourceTree = "<group>"; };
		098EEFCE255B0059008FA927 /* InsightsViewController.swift */ = {isa = PBXFileReference; lastKnownFileType = sourcecode.swift; path = InsightsViewController.swift; sourceTree = "<group>"; };
		098EEFD0255B0102008FA927 /* IndicesViewController.swift */ = {isa = PBXFileReference; lastKnownFileType = sourcecode.swift; path = IndicesViewController.swift; sourceTree = "<group>"; };
		098EEFD2255B1364008FA927 /* CategoryTableViewController.swift */ = {isa = PBXFileReference; lastKnownFileType = sourcecode.swift; path = CategoryTableViewController.swift; sourceTree = "<group>"; };
		098EEFD4255B1546008FA927 /* TrendingTableViewController.swift */ = {isa = PBXFileReference; lastKnownFileType = sourcecode.swift; path = TrendingTableViewController.swift; sourceTree = "<group>"; };
		098EEFD6255B1862008FA927 /* ThemesCollectionViewController.swift */ = {isa = PBXFileReference; lastKnownFileType = sourcecode.swift; path = ThemesCollectionViewController.swift; sourceTree = "<group>"; };
		098EEFD8255B1B6B008FA927 /* CategoryTableViewCell.swift */ = {isa = PBXFileReference; lastKnownFileType = sourcecode.swift; path = CategoryTableViewCell.swift; sourceTree = "<group>"; };
		098EEFDA256294A0008FA927 /* TrendingTableViewCell.swift */ = {isa = PBXFileReference; lastKnownFileType = sourcecode.swift; path = TrendingTableViewCell.swift; sourceTree = "<group>"; };
		098EEFE32562B753008FA927 /* AssetModel.swift */ = {isa = PBXFileReference; lastKnownFileType = sourcecode.swift; path = AssetModel.swift; sourceTree = "<group>"; };
		098EEFE92562C09E008FA927 /* en */ = {isa = PBXFileReference; lastKnownFileType = text.plist.strings; name = en; path = en.lproj/Localizable.strings; sourceTree = "<group>"; };
		098EEFEC2562C429008FA927 /* Localizable.swift */ = {isa = PBXFileReference; lastKnownFileType = sourcecode.swift; path = Localizable.swift; sourceTree = "<group>"; };
		098EEFEE2562C476008FA927 /* Localization.swift */ = {isa = PBXFileReference; lastKnownFileType = sourcecode.swift; path = Localization.swift; sourceTree = "<group>"; };
		098EEFF0256410BD008FA927 /* AlenaImage.swift */ = {isa = PBXFileReference; lastKnownFileType = sourcecode.swift; path = AlenaImage.swift; sourceTree = "<group>"; };
		098EEFF225641131008FA927 /* AssetViewModel.swift */ = {isa = PBXFileReference; lastKnownFileType = sourcecode.swift; path = AssetViewModel.swift; sourceTree = "<group>"; };
		098EEFF52564245B008FA927 /* CategoryModel.swift */ = {isa = PBXFileReference; lastKnownFileType = sourcecode.swift; path = CategoryModel.swift; sourceTree = "<group>"; };
		098EEFF8256424AA008FA927 /* CategoryViewModel.swift */ = {isa = PBXFileReference; lastKnownFileType = sourcecode.swift; path = CategoryViewModel.swift; sourceTree = "<group>"; };
		09E6CD55256439EE00C1E288 /* ThemeModel.swift */ = {isa = PBXFileReference; lastKnownFileType = sourcecode.swift; path = ThemeModel.swift; sourceTree = "<group>"; };
		09E6CD5825643A4800C1E288 /* ThemeViewModel.swift */ = {isa = PBXFileReference; lastKnownFileType = sourcecode.swift; path = ThemeViewModel.swift; sourceTree = "<group>"; };
		09E6CD5A25643D1200C1E288 /* ThemeCollectionViewCell.swift */ = {isa = PBXFileReference; lastKnownFileType = sourcecode.swift; path = ThemeCollectionViewCell.swift; sourceTree = "<group>"; };
		29E64A42FCB88560F98C07A3 /* Pods_Alinia.framework */ = {isa = PBXFileReference; explicitFileType = wrapper.framework; includeInIndex = 0; path = Pods_Alinia.framework; sourceTree = BUILT_PRODUCTS_DIR; };
		76B295017AB4C8FA6624A095 /* Pods-Alinia.debug.xcconfig */ = {isa = PBXFileReference; includeInIndex = 1; lastKnownFileType = text.xcconfig; name = "Pods-Alinia.debug.xcconfig"; path = "Target Support Files/Pods-Alinia/Pods-Alinia.debug.xcconfig"; sourceTree = "<group>"; };
		B10CAD2762DF175A45CFB611 /* Pods-Alinia.release.xcconfig */ = {isa = PBXFileReference; includeInIndex = 1; lastKnownFileType = text.xcconfig; name = "Pods-Alinia.release.xcconfig"; path = "Target Support Files/Pods-Alinia/Pods-Alinia.release.xcconfig"; sourceTree = "<group>"; };
/* End PBXFileReference section */

/* Begin PBXFrameworksBuildPhase section */
		098EEFAC255AF63D008FA927 /* Frameworks */ = {
			isa = PBXFrameworksBuildPhase;
			buildActionMask = 2147483647;
			files = (
				E4398CBEBE4B4C939E103492 /* Pods_Alinia.framework in Frameworks */,
			);
			runOnlyForDeploymentPostprocessing = 0;
		};
/* End PBXFrameworksBuildPhase section */

/* Begin PBXGroup section */
		098EEFA6255AF63D008FA927 = {
			isa = PBXGroup;
			children = (
				098EEFB1255AF63D008FA927 /* Alinia */,
				098EEFB0255AF63D008FA927 /* Products */,
				3AFAABAC33F733FF7E7993F9 /* Pods */,
				EC48DE7FADF90228A50E4FB6 /* Frameworks */,
			);
			sourceTree = "<group>";
		};
		098EEFB0255AF63D008FA927 /* Products */ = {
			isa = PBXGroup;
			children = (
				098EEFAF255AF63D008FA927 /* Alinia.app */,
			);
			name = Products;
			sourceTree = "<group>";
		};
		098EEFB1255AF63D008FA927 /* Alinia */ = {
			isa = PBXGroup;
			children = (
				098EEFDE2562A979008FA927 /* Custom Views */,
				098EEFE22562B72E008FA927 /* Data Models */,
				098EEFDC2562A95C008FA927 /* View Controllers */,
				098EEFEB2562C400008FA927 /* Localization */,
				098EEFE12562A9D5008FA927 /* Supporting Files */,
			);
			path = Alinia;
			sourceTree = "<group>";
		};
		098EEFDC2562A95C008FA927 /* View Controllers */ = {
			isa = PBXGroup;
			children = (
				098EEFDF2562A99C008FA927 /* Tab Bars */,
				098EEFE02562A9AD008FA927 /* Explore */,
			);
			path = "View Controllers";
			sourceTree = "<group>";
		};
		098EEFDD2562A96D008FA927 /* TableView Cells */ = {
			isa = PBXGroup;
			children = (
				098EEFD8255B1B6B008FA927 /* CategoryTableViewCell.swift */,
				098EEFDA256294A0008FA927 /* TrendingTableViewCell.swift */,
			);
			path = "TableView Cells";
			sourceTree = "<group>";
		};
		098EEFDE2562A979008FA927 /* Custom Views */ = {
			isa = PBXGroup;
			children = (
				098EEFDD2562A96D008FA927 /* TableView Cells */,
				09E6CD5C25643D1B00C1E288 /* CollectionView Cells */,
			);
			path = "Custom Views";
			sourceTree = "<group>";
		};
		098EEFDF2562A99C008FA927 /* Tab Bars */ = {
			isa = PBXGroup;
			children = (
				098EEFC6255AF791008FA927 /* TabBarController.swift */,
				098EEFC8255AF7FE008FA927 /* ExploreViewController.swift */,
				098EEFCA255AF839008FA927 /* HomeViewController.swift */,
				098EEFCC255B003E008FA927 /* SocialViewController.swift */,
				098EEFCE255B0059008FA927 /* InsightsViewController.swift */,
				098EEFD0255B0102008FA927 /* IndicesViewController.swift */,
			);
			path = "Tab Bars";
			sourceTree = "<group>";
		};
		098EEFE02562A9AD008FA927 /* Explore */ = {
			isa = PBXGroup;
			children = (
				098EEFD2255B1364008FA927 /* CategoryTableViewController.swift */,
				098EEFD6255B1862008FA927 /* ThemesCollectionViewController.swift */,
				098EEFD4255B1546008FA927 /* TrendingTableViewController.swift */,
			);
			path = Explore;
			sourceTree = "<group>";
		};
		098EEFE12562A9D5008FA927 /* Supporting Files */ = {
			isa = PBXGroup;
			children = (
				098EEFB2255AF63D008FA927 /* AppDelegate.swift */,
				098EEFB4255AF63D008FA927 /* SceneDelegate.swift */,
				098EEFBB255AF63E008FA927 /* Assets.xcassets */,
				098EEFBD255AF63E008FA927 /* LaunchScreen.storyboard */,
				098EEFC0255AF63E008FA927 /* Info.plist */,
			);
			path = "Supporting Files";
			sourceTree = "<group>";
		};
		098EEFE22562B72E008FA927 /* Data Models */ = {
			isa = PBXGroup;
			children = (
				098EEFF725642461008FA927 /* Category */,
				098EEFF425642449008FA927 /* Equity */,
				09E6CD57256439FD00C1E288 /* Theme */,
				098EEFF0256410BD008FA927 /* AlenaImage.swift */,
			);
			path = "Data Models";
			sourceTree = "<group>";
		};
		098EEFEB2562C400008FA927 /* Localization */ = {
			isa = PBXGroup;
			children = (
				098EEFEA2562C09E008FA927 /* Localizable.strings */,
				098EEFEC2562C429008FA927 /* Localizable.swift */,
				098EEFEE2562C476008FA927 /* Localization.swift */,
			);
			path = Localization;
			sourceTree = "<group>";
		};
		098EEFF425642449008FA927 /* Equity */ = {
			isa = PBXGroup;
			children = (
				098EEFE32562B753008FA927 /* AssetModel.swift */,
				098EEFF225641131008FA927 /* AssetViewModel.swift */,
			);
			path = Equity;
			sourceTree = "<group>";
		};
		098EEFF725642461008FA927 /* Category */ = {
			isa = PBXGroup;
			children = (
				098EEFF52564245B008FA927 /* CategoryModel.swift */,
				098EEFF8256424AA008FA927 /* CategoryViewModel.swift */,
			);
			path = Category;
			sourceTree = "<group>";
		};
		09E6CD57256439FD00C1E288 /* Theme */ = {
			isa = PBXGroup;
			children = (
				09E6CD55256439EE00C1E288 /* ThemeModel.swift */,
				09E6CD5825643A4800C1E288 /* ThemeViewModel.swift */,
			);
			path = Theme;
			sourceTree = "<group>";
		};
		09E6CD5C25643D1B00C1E288 /* CollectionView Cells */ = {
			isa = PBXGroup;
			children = (
				09E6CD5A25643D1200C1E288 /* ThemeCollectionViewCell.swift */,
			);
			path = "CollectionView Cells";
			sourceTree = "<group>";
		};
		3AFAABAC33F733FF7E7993F9 /* Pods */ = {
			isa = PBXGroup;
			children = (
				76B295017AB4C8FA6624A095 /* Pods-Alinia.debug.xcconfig */,
				B10CAD2762DF175A45CFB611 /* Pods-Alinia.release.xcconfig */,
			);
			path = Pods;
			sourceTree = "<group>";
		};
		EC48DE7FADF90228A50E4FB6 /* Frameworks */ = {
			isa = PBXGroup;
			children = (
				29E64A42FCB88560F98C07A3 /* Pods_Alinia.framework */,
			);
			name = Frameworks;
			sourceTree = "<group>";
		};
/* End PBXGroup section */

/* Begin PBXNativeTarget section */
		098EEFAE255AF63D008FA927 /* Alinia */ = {
			isa = PBXNativeTarget;
			buildConfigurationList = 098EEFC3255AF63E008FA927 /* Build configuration list for PBXNativeTarget "Alinia" */;
			buildPhases = (
				DE318813B34988B10F8D4540 /* [CP] Check Pods Manifest.lock */,
				098EEFAB255AF63D008FA927 /* Sources */,
				098EEFAC255AF63D008FA927 /* Frameworks */,
				098EEFAD255AF63D008FA927 /* Resources */,
				8A49183979EED1B573403227 /* [CP] Embed Pods Frameworks */,
			);
			buildRules = (
			);
			dependencies = (
			);
			name = Alinia;
			productName = Alinia;
			productReference = 098EEFAF255AF63D008FA927 /* Alinia.app */;
			productType = "com.apple.product-type.application";
		};
/* End PBXNativeTarget section */

/* Begin PBXProject section */
		098EEFA7255AF63D008FA927 /* Project object */ = {
			isa = PBXProject;
			attributes = {
				LastSwiftUpdateCheck = 1160;
				LastUpgradeCheck = 1160;
				ORGANIZATIONNAME = "Saurabh Gupta";
				TargetAttributes = {
					098EEFAE255AF63D008FA927 = {
						CreatedOnToolsVersion = 11.6;
					};
				};
			};
			buildConfigurationList = 098EEFAA255AF63D008FA927 /* Build configuration list for PBXProject "Alinia" */;
			compatibilityVersion = "Xcode 9.3";
			developmentRegion = en;
			hasScannedForEncodings = 0;
			knownRegions = (
				en,
				Base,
			);
			mainGroup = 098EEFA6255AF63D008FA927;
			productRefGroup = 098EEFB0255AF63D008FA927 /* Products */;
			projectDirPath = "";
			projectRoot = "";
			targets = (
				098EEFAE255AF63D008FA927 /* Alinia */,
			);
		};
/* End PBXProject section */

/* Begin PBXResourcesBuildPhase section */
		098EEFAD255AF63D008FA927 /* Resources */ = {
			isa = PBXResourcesBuildPhase;
			buildActionMask = 2147483647;
			files = (
				098EEFBF255AF63E008FA927 /* LaunchScreen.storyboard in Resources */,
				098EEFE82562C09E008FA927 /* Localizable.strings in Resources */,
				098EEFBC255AF63E008FA927 /* Assets.xcassets in Resources */,
			);
			runOnlyForDeploymentPostprocessing = 0;
		};
/* End PBXResourcesBuildPhase section */

/* Begin PBXShellScriptBuildPhase section */
		8A49183979EED1B573403227 /* [CP] Embed Pods Frameworks */ = {
			isa = PBXShellScriptBuildPhase;
			buildActionMask = 2147483647;
			files = (
			);
			inputFileListPaths = (
				"${PODS_ROOT}/Target Support Files/Pods-Alinia/Pods-Alinia-frameworks-${CONFIGURATION}-input-files.xcfilelist",
			);
			name = "[CP] Embed Pods Frameworks";
			outputFileListPaths = (
				"${PODS_ROOT}/Target Support Files/Pods-Alinia/Pods-Alinia-frameworks-${CONFIGURATION}-output-files.xcfilelist",
			);
			runOnlyForDeploymentPostprocessing = 0;
			shellPath = /bin/sh;
			shellScript = "\"${PODS_ROOT}/Target Support Files/Pods-Alinia/Pods-Alinia-frameworks.sh\"\n";
			showEnvVarsInLog = 0;
		};
		DE318813B34988B10F8D4540 /* [CP] Check Pods Manifest.lock */ = {
			isa = PBXShellScriptBuildPhase;
			buildActionMask = 2147483647;
			files = (
			);
			inputFileListPaths = (
			);
			inputPaths = (
				"${PODS_PODFILE_DIR_PATH}/Podfile.lock",
				"${PODS_ROOT}/Manifest.lock",
			);
			name = "[CP] Check Pods Manifest.lock";
			outputFileListPaths = (
			);
			outputPaths = (
				"$(DERIVED_FILE_DIR)/Pods-Alinia-checkManifestLockResult.txt",
			);
			runOnlyForDeploymentPostprocessing = 0;
			shellPath = /bin/sh;
			shellScript = "diff \"${PODS_PODFILE_DIR_PATH}/Podfile.lock\" \"${PODS_ROOT}/Manifest.lock\" > /dev/null\nif [ $? != 0 ] ; then\n    # print error to STDERR\n    echo \"error: The sandbox is not in sync with the Podfile.lock. Run 'pod install' or update your CocoaPods installation.\" >&2\n    exit 1\nfi\n# This output is used by Xcode 'outputs' to avoid re-running this script phase.\necho \"SUCCESS\" > \"${SCRIPT_OUTPUT_FILE_0}\"\n";
			showEnvVarsInLog = 0;
		};
/* End PBXShellScriptBuildPhase section */

/* Begin PBXSourcesBuildPhase section */
		098EEFAB255AF63D008FA927 /* Sources */ = {
			isa = PBXSourcesBuildPhase;
			buildActionMask = 2147483647;
			files = (
				098EEFD5255B1546008FA927 /* TrendingTableViewController.swift in Sources */,
				098EEFC7255AF791008FA927 /* TabBarController.swift in Sources */,
				098EEFF62564245B008FA927 /* CategoryModel.swift in Sources */,
				098EEFCD255B003E008FA927 /* SocialViewController.swift in Sources */,
				098EEFF325641131008FA927 /* AssetViewModel.swift in Sources */,
				098EEFD7255B1862008FA927 /* ThemesCollectionViewController.swift in Sources */,
				09E6CD56256439EE00C1E288 /* ThemeModel.swift in Sources */,
				098EEFC9255AF7FE008FA927 /* ExploreViewController.swift in Sources */,
				09E6CD5925643A4800C1E288 /* ThemeViewModel.swift in Sources */,
				098EEFB3255AF63D008FA927 /* AppDelegate.swift in Sources */,
				09E6CD5B25643D1200C1E288 /* ThemeCollectionViewCell.swift in Sources */,
				098EEFEF2562C476008FA927 /* Localization.swift in Sources */,
				098EEFE42562B753008FA927 /* AssetModel.swift in Sources */,
				098EEFED2562C429008FA927 /* Localizable.swift in Sources */,
				098EEFB5255AF63D008FA927 /* SceneDelegate.swift in Sources */,
				098EEFF9256424AA008FA927 /* CategoryViewModel.swift in Sources */,
				098EEFD1255B0102008FA927 /* IndicesViewController.swift in Sources */,
				098EEFF1256410BD008FA927 /* AlenaImage.swift in Sources */,
				098EEFCB255AF839008FA927 /* HomeViewController.swift in Sources */,
				098EEFD3255B1364008FA927 /* CategoryTableViewController.swift in Sources */,
				098EEFCF255B0059008FA927 /* InsightsViewController.swift in Sources */,
				098EEFD9255B1B6B008FA927 /* CategoryTableViewCell.swift in Sources */,
				098EEFDB256294A0008FA927 /* TrendingTableViewCell.swift in Sources */,
			);
			runOnlyForDeploymentPostprocessing = 0;
		};
/* End PBXSourcesBuildPhase section */

/* Begin PBXVariantGroup section */
		098EEFBD255AF63E008FA927 /* LaunchScreen.storyboard */ = {
			isa = PBXVariantGroup;
			children = (
				098EEFBE255AF63E008FA927 /* Base */,
			);
			name = LaunchScreen.storyboard;
			sourceTree = "<group>";
		};
		098EEFEA2562C09E008FA927 /* Localizable.strings */ = {
			isa = PBXVariantGroup;
			children = (
				098EEFE92562C09E008FA927 /* en */,
			);
			name = Localizable.strings;
			sourceTree = "<group>";
		};
/* End PBXVariantGroup section */

/* Begin XCBuildConfiguration section */
		098EEFC1255AF63E008FA927 /* Debug */ = {
			isa = XCBuildConfiguration;
			buildSettings = {
				ALWAYS_SEARCH_USER_PATHS = NO;
				CLANG_ANALYZER_NONNULL = YES;
				CLANG_ANALYZER_NUMBER_OBJECT_CONVERSION = YES_AGGRESSIVE;
				CLANG_CXX_LANGUAGE_STANDARD = "gnu++14";
				CLANG_CXX_LIBRARY = "libc++";
				CLANG_ENABLE_MODULES = YES;
				CLANG_ENABLE_OBJC_ARC = YES;
				CLANG_ENABLE_OBJC_WEAK = YES;
				CLANG_WARN_BLOCK_CAPTURE_AUTORELEASING = YES;
				CLANG_WARN_BOOL_CONVERSION = YES;
				CLANG_WARN_COMMA = YES;
				CLANG_WARN_CONSTANT_CONVERSION = YES;
				CLANG_WARN_DEPRECATED_OBJC_IMPLEMENTATIONS = YES;
				CLANG_WARN_DIRECT_OBJC_ISA_USAGE = YES_ERROR;
				CLANG_WARN_DOCUMENTATION_COMMENTS = YES;
				CLANG_WARN_EMPTY_BODY = YES;
				CLANG_WARN_ENUM_CONVERSION = YES;
				CLANG_WARN_INFINITE_RECURSION = YES;
				CLANG_WARN_INT_CONVERSION = YES;
				CLANG_WARN_NON_LITERAL_NULL_CONVERSION = YES;
				CLANG_WARN_OBJC_IMPLICIT_RETAIN_SELF = YES;
				CLANG_WARN_OBJC_LITERAL_CONVERSION = YES;
				CLANG_WARN_OBJC_ROOT_CLASS = YES_ERROR;
				CLANG_WARN_RANGE_LOOP_ANALYSIS = YES;
				CLANG_WARN_STRICT_PROTOTYPES = YES;
				CLANG_WARN_SUSPICIOUS_MOVE = YES;
				CLANG_WARN_UNGUARDED_AVAILABILITY = YES_AGGRESSIVE;
				CLANG_WARN_UNREACHABLE_CODE = YES;
				CLANG_WARN__DUPLICATE_METHOD_MATCH = YES;
				COPY_PHASE_STRIP = NO;
				DEBUG_INFORMATION_FORMAT = dwarf;
				ENABLE_STRICT_OBJC_MSGSEND = YES;
				ENABLE_TESTABILITY = YES;
				GCC_C_LANGUAGE_STANDARD = gnu11;
				GCC_DYNAMIC_NO_PIC = NO;
				GCC_NO_COMMON_BLOCKS = YES;
				GCC_OPTIMIZATION_LEVEL = 0;
				GCC_PREPROCESSOR_DEFINITIONS = (
					"DEBUG=1",
					"$(inherited)",
				);
				GCC_WARN_64_TO_32_BIT_CONVERSION = YES;
				GCC_WARN_ABOUT_RETURN_TYPE = YES_ERROR;
				GCC_WARN_UNDECLARED_SELECTOR = YES;
				GCC_WARN_UNINITIALIZED_AUTOS = YES_AGGRESSIVE;
				GCC_WARN_UNUSED_FUNCTION = YES;
				GCC_WARN_UNUSED_VARIABLE = YES;
				IPHONEOS_DEPLOYMENT_TARGET = 13.6;
				MTL_ENABLE_DEBUG_INFO = INCLUDE_SOURCE;
				MTL_FAST_MATH = YES;
				ONLY_ACTIVE_ARCH = YES;
				SDKROOT = iphoneos;
				SWIFT_ACTIVE_COMPILATION_CONDITIONS = DEBUG;
				SWIFT_OPTIMIZATION_LEVEL = "-Onone";
			};
			name = Debug;
		};
		098EEFC2255AF63E008FA927 /* Release */ = {
			isa = XCBuildConfiguration;
			buildSettings = {
				ALWAYS_SEARCH_USER_PATHS = NO;
				CLANG_ANALYZER_NONNULL = YES;
				CLANG_ANALYZER_NUMBER_OBJECT_CONVERSION = YES_AGGRESSIVE;
				CLANG_CXX_LANGUAGE_STANDARD = "gnu++14";
				CLANG_CXX_LIBRARY = "libc++";
				CLANG_ENABLE_MODULES = YES;
				CLANG_ENABLE_OBJC_ARC = YES;
				CLANG_ENABLE_OBJC_WEAK = YES;
				CLANG_WARN_BLOCK_CAPTURE_AUTORELEASING = YES;
				CLANG_WARN_BOOL_CONVERSION = YES;
				CLANG_WARN_COMMA = YES;
				CLANG_WARN_CONSTANT_CONVERSION = YES;
				CLANG_WARN_DEPRECATED_OBJC_IMPLEMENTATIONS = YES;
				CLANG_WARN_DIRECT_OBJC_ISA_USAGE = YES_ERROR;
				CLANG_WARN_DOCUMENTATION_COMMENTS = YES;
				CLANG_WARN_EMPTY_BODY = YES;
				CLANG_WARN_ENUM_CONVERSION = YES;
				CLANG_WARN_INFINITE_RECURSION = YES;
				CLANG_WARN_INT_CONVERSION = YES;
				CLANG_WARN_NON_LITERAL_NULL_CONVERSION = YES;
				CLANG_WARN_OBJC_IMPLICIT_RETAIN_SELF = YES;
				CLANG_WARN_OBJC_LITERAL_CONVERSION = YES;
				CLANG_WARN_OBJC_ROOT_CLASS = YES_ERROR;
				CLANG_WARN_RANGE_LOOP_ANALYSIS = YES;
				CLANG_WARN_STRICT_PROTOTYPES = YES;
				CLANG_WARN_SUSPICIOUS_MOVE = YES;
				CLANG_WARN_UNGUARDED_AVAILABILITY = YES_AGGRESSIVE;
				CLANG_WARN_UNREACHABLE_CODE = YES;
				CLANG_WARN__DUPLICATE_METHOD_MATCH = YES;
				COPY_PHASE_STRIP = NO;
				DEBUG_INFORMATION_FORMAT = "dwarf-with-dsym";
				ENABLE_NS_ASSERTIONS = NO;
				ENABLE_STRICT_OBJC_MSGSEND = YES;
				GCC_C_LANGUAGE_STANDARD = gnu11;
				GCC_NO_COMMON_BLOCKS = YES;
				GCC_WARN_64_TO_32_BIT_CONVERSION = YES;
				GCC_WARN_ABOUT_RETURN_TYPE = YES_ERROR;
				GCC_WARN_UNDECLARED_SELECTOR = YES;
				GCC_WARN_UNINITIALIZED_AUTOS = YES_AGGRESSIVE;
				GCC_WARN_UNUSED_FUNCTION = YES;
				GCC_WARN_UNUSED_VARIABLE = YES;
				IPHONEOS_DEPLOYMENT_TARGET = 13.6;
				MTL_ENABLE_DEBUG_INFO = NO;
				MTL_FAST_MATH = YES;
				SDKROOT = iphoneos;
				SWIFT_COMPILATION_MODE = wholemodule;
				SWIFT_OPTIMIZATION_LEVEL = "-O";
				VALIDATE_PRODUCT = YES;
			};
			name = Release;
		};
		098EEFC4255AF63E008FA927 /* Debug */ = {
			isa = XCBuildConfiguration;
			baseConfigurationReference = 76B295017AB4C8FA6624A095 /* Pods-Alinia.debug.xcconfig */;
			buildSettings = {
				ASSETCATALOG_COMPILER_APPICON_NAME = AppIcon;
				CODE_SIGN_STYLE = Automatic;
				DEVELOPMENT_TEAM = Y78N79J6Y9;
				INFOPLIST_FILE = "Alinia/Supporting Files/Info.plist";
				LD_RUNPATH_SEARCH_PATHS = (
					"$(inherited)",
					"@executable_path/Frameworks",
				);
				PRODUCT_BUNDLE_IDENTIFIER = me.gupta.saurabh.Alinia;
				PRODUCT_NAME = "$(TARGET_NAME)";
				SWIFT_VERSION = 5.0;
				TARGETED_DEVICE_FAMILY = "1,2";
			};
			name = Debug;
		};
		098EEFC5255AF63E008FA927 /* Release */ = {
			isa = XCBuildConfiguration;
			baseConfigurationReference = B10CAD2762DF175A45CFB611 /* Pods-Alinia.release.xcconfig */;
			buildSettings = {
				ASSETCATALOG_COMPILER_APPICON_NAME = AppIcon;
				CODE_SIGN_STYLE = Automatic;
				DEVELOPMENT_TEAM = Y78N79J6Y9;
				INFOPLIST_FILE = "Alinia/Supporting Files/Info.plist";
				LD_RUNPATH_SEARCH_PATHS = (
					"$(inherited)",
					"@executable_path/Frameworks",
				);
				PRODUCT_BUNDLE_IDENTIFIER = me.gupta.saurabh.Alinia;
				PRODUCT_NAME = "$(TARGET_NAME)";
				SWIFT_VERSION = 5.0;
				TARGETED_DEVICE_FAMILY = "1,2";
			};
			name = Release;
		};
/* End XCBuildConfiguration section */

/* Begin XCConfigurationList section */
		098EEFAA255AF63D008FA927 /* Build configuration list for PBXProject "Alinia" */ = {
			isa = XCConfigurationList;
			buildConfigurations = (
				098EEFC1255AF63E008FA927 /* Debug */,
				098EEFC2255AF63E008FA927 /* Release */,
			);
			defaultConfigurationIsVisible = 0;
			defaultConfigurationName = Release;
		};
		098EEFC3255AF63E008FA927 /* Build configuration list for PBXNativeTarget "Alinia" */ = {
			isa = XCConfigurationList;
			buildConfigurations = (
				098EEFC4255AF63E008FA927 /* Debug */,
				098EEFC5255AF63E008FA927 /* Release */,
			);
			defaultConfigurationIsVisible = 0;
			defaultConfigurationName = Release;
		};
/* End XCConfigurationList section */
	};
	rootObject = 098EEFA7255AF63D008FA927 /* Project object */;
}
